// !$*UTF8*$!
{
	archiveVersion = 1;
	classes = {
	};
	objectVersion = 46;
	objects = {

/* Begin PBXBuildFile section */
		2CF00E8A1FBF2D5A00BC91A2 /* AppDelegate.swift in Sources */ = {isa = PBXBuildFile; fileRef = 2CF00E891FBF2D5A00BC91A2 /* AppDelegate.swift */; };
		2CF00E8C1FBF2D5A00BC91A2 /* ViewController.swift in Sources */ = {isa = PBXBuildFile; fileRef = 2CF00E8B1FBF2D5A00BC91A2 /* ViewController.swift */; };
		2CF00E8F1FBF2D5A00BC91A2 /* Main.storyboard in Resources */ = {isa = PBXBuildFile; fileRef = 2CF00E8D1FBF2D5A00BC91A2 /* Main.storyboard */; };
		2CF00E911FBF2D5A00BC91A2 /* Assets.xcassets in Resources */ = {isa = PBXBuildFile; fileRef = 2CF00E901FBF2D5A00BC91A2 /* Assets.xcassets */; };
		2CF00E941FBF2D5A00BC91A2 /* LaunchScreen.storyboard in Resources */ = {isa = PBXBuildFile; fileRef = 2CF00E921FBF2D5A00BC91A2 /* LaunchScreen.storyboard */; };
/* End PBXBuildFile section */

/* Begin PBXFileReference section */
		2CF00E861FBF2D5A00BC91A2 /* newErela.app */ = {isa = PBXFileReference; explicitFileType = wrapper.application; includeInIndex = 0; path = newErela.app; sourceTree = BUILT_PRODUCTS_DIR; };
		2CF00E891FBF2D5A00BC91A2 /* AppDelegate.swift */ = {isa = PBXFileReference; lastKnownFileType = sourcecode.swift; path = AppDelegate.swift; sourceTree = "<group>"; };
		2CF00E8B1FBF2D5A00BC91A2 /* ViewController.swift */ = {isa = PBXFileReference; lastKnownFileType = sourcecode.swift; path = ViewController.swift; sourceTree = "<group>"; };
		2CF00E8E1FBF2D5A00BC91A2 /* Base */ = {isa = PBXFileReference; lastKnownFileType = file.storyboard; name = Base; path = Base.lproj/Main.storyboard; sourceTree = "<group>"; };
		2CF00E901FBF2D5A00BC91A2 /* Assets.xcassets */ = {isa = PBXFileReference; lastKnownFileType = folder.assetcatalog; path = Assets.xcassets; sourceTree = "<group>"; };
		2CF00E931FBF2D5A00BC91A2 /* Base */ = {isa = PBXFileReference; lastKnownFileType = file.storyboard; name = Base; path = Base.lproj/LaunchScreen.storyboard; sourceTree = "<group>"; };
		2CF00E951FBF2D5A00BC91A2 /* Info.plist */ = {isa = PBXFileReference; lastKnownFileType = text.plist.xml; path = Info.plist; sourceTree = "<group>"; };
/* End PBXFileReference section */

/* Begin PBXFrameworksBuildPhase section */
		2CF00E831FBF2D5A00BC91A2 /* Frameworks */ = {
			isa = PBXFrameworksBuildPhase;
			buildActionMask = 2147483647;
			files = (
			);
			runOnlyForDeploymentPostprocessing = 0;
		};
/* End PBXFrameworksBuildPhase section */

/* Begin PBXGroup section */
		2CF00E7D1FBF2D5A00BC91A2 = {
			isa = PBXGroup;
			children = (
				2CF00E881FBF2D5A00BC91A2 /* newErela */,
				2CF00E871FBF2D5A00BC91A2 /* Products */,
			);
			sourceTree = "<group>";
		};
		2CF00E871FBF2D5A00BC91A2 /* Products */ = {
			isa = PBXGroup;
			children = (
				2CF00E861FBF2D5A00BC91A2 /* newErela.app */,
			);
			name = Products;
			sourceTree = "<group>";
		};
		2CF00E881FBF2D5A00BC91A2 /* newErela */ = {
			isa = PBXGroup;
			children = (
				2CF00E891FBF2D5A00BC91A2 /* AppDelegate.swift */,
				2CF00E8B1FBF2D5A00BC91A2 /* ViewController.swift */,
				2CF00E8D1FBF2D5A00BC91A2 /* Main.storyboard */,
				2CF00E901FBF2D5A00BC91A2 /* Assets.xcassets */,
				2CF00E921FBF2D5A00BC91A2 /* LaunchScreen.storyboard */,
				2CF00E951FBF2D5A00BC91A2 /* Info.plist */,
			);
			path = newErela;
			sourceTree = "<group>";
		};
/* End PBXGroup section */

/* Begin PBXNativeTarget section */
		2CF00E851FBF2D5A00BC91A2 /* newErela */ = {
			isa = PBXNativeTarget;
			buildConfigurationList = 2CF00E981FBF2D5A00BC91A2 /* Build configuration list for PBXNativeTarget "newErela" */;
			buildPhases = (
				2CF00E821FBF2D5A00BC91A2 /* Sources */,
				2CF00E831FBF2D5A00BC91A2 /* Frameworks */,
				2CF00E841FBF2D5A00BC91A2 /* Resources */,
			);
			buildRules = (
			);
			dependencies = (
			);
			name = newErela;
			productName = newErela;
			productReference = 2CF00E861FBF2D5A00BC91A2 /* newErela.app */;
			productType = "com.apple.product-type.application";
		};
/* End PBXNativeTarget section */

/* Begin PBXProject section */
		2CF00E7E1FBF2D5A00BC91A2 /* Project object */ = {
			isa = PBXProject;
			attributes = {
				LastSwiftUpdateCheck = 0830;
				LastUpgradeCheck = 0830;
				ORGANIZATIONNAME = oskarGuest;
				TargetAttributes = {
					2CF00E851FBF2D5A00BC91A2 = {
						CreatedOnToolsVersion = 8.3.3;
						DevelopmentTeam = HFRBUUM266;
						ProvisioningStyle = Automatic;
					};
				};
			};
			buildConfigurationList = 2CF00E811FBF2D5A00BC91A2 /* Build configuration list for PBXProject "newErela" */;
			compatibilityVersion = "Xcode 3.2";
			developmentRegion = English;
			hasScannedForEncodings = 0;
			knownRegions = (
				en,
				Base,
			);
			mainGroup = 2CF00E7D1FBF2D5A00BC91A2;
			productRefGroup = 2CF00E871FBF2D5A00BC91A2 /* Products */;
			projectDirPath = "";
			projectRoot = "";
			targets = (
				2CF00E851FBF2D5A00BC91A2 /* newErela */,
			);
		};
/* End PBXProject section */

/* Begin PBXResourcesBuildPhase section */
		2CF00E841FBF2D5A00BC91A2 /* Resources */ = {
			isa = PBXResourcesBuildPhase;
			buildActionMask = 2147483647;
			files = (
				2CF00E941FBF2D5A00BC91A2 /* LaunchScreen.storyboard in Resources */,
				2CF00E911FBF2D5A00BC91A2 /* Assets.xcassets in Resources */,
				2CF00E8F1FBF2D5A00BC91A2 /* Main.storyboard in Resources */,
			);
			runOnlyForDeploymentPostprocessing = 0;
		};
/* End PBXResourcesBuildPhase section */

/* Begin PBXSourcesBuildPhase section */
		2CF00E821FBF2D5A00BC91A2 /* Sources */ = {
			isa = PBXSourcesBuildPhase;
			buildActionMask = 2147483647;
			files = (
				2CF00E8C1FBF2D5A00BC91A2 /* ViewController.swift in Sources */,
				2CF00E8A1FBF2D5A00BC91A2 /* AppDelegate.swift in Sources */,
			);
			runOnlyForDeploymentPostprocessing = 0;
		};
/* End PBXSourcesBuildPhase section */

/* Begin PBXVariantGroup section */
		2CF00E8D1FBF2D5A00BC91A2 /* Main.storyboard */ = {
			isa = PBXVariantGroup;
			children = (
				2CF00E8E1FBF2D5A00BC91A2 /* Base */,
			);
			name = Main.storyboard;
			sourceTree = "<group>";
		};
		2CF00E921FBF2D5A00BC91A2 /* LaunchScreen.storyboard */ = {
			isa = PBXVariantGroup;
			children = (
				2CF00E931FBF2D5A00BC91A2 /* Base */,
			);
			name = LaunchScreen.storyboard;
			sourceTree = "<group>";
		};
/* End PBXVariantGroup section */

/* Begin XCBuildConfiguration section */
		2CF00E961FBF2D5A00BC91A2 /* Debug */ = {
			isa = XCBuildConfiguration;
			buildSettings = {
				ALWAYS_SEARCH_USER_PATHS = NO;
				CLANG_ANALYZER_NONNULL = YES;
				CLANG_ANALYZER_NUMBER_OBJECT_CONVERSION = YES_AGGRESSIVE;
				CLANG_CXX_LANGUAGE_STANDARD = "gnu++0x";
				CLANG_CXX_LIBRARY = "libc++";
				CLANG_ENABLE_MODULES = YES;
				CLANG_ENABLE_OBJC_ARC = YES;
				CLANG_WARN_BOOL_CONVERSION = YES;
				CLANG_WARN_CONSTANT_CONVERSION = YES;
				CLANG_WARN_DIRECT_OBJC_ISA_USAGE = YES_ERROR;
				CLANG_WARN_DOCUMENTATION_COMMENTS = YES;
				CLANG_WARN_EMPTY_BODY = YES;
				CLANG_WARN_ENUM_CONVERSION = YES;
				CLANG_WARN_INFINITE_RECURSION = YES;
				CLANG_WARN_INT_CONVERSION = YES;
				CLANG_WARN_OBJC_ROOT_CLASS = YES_ERROR;
				CLANG_WARN_SUSPICIOUS_MOVE = YES;
				CLANG_WARN_UNREACHABLE_CODE = YES;
				CLANG_WARN__DUPLICATE_METHOD_MATCH = YES;
				"CODE_SIGN_IDENTITY[sdk=iphoneos*]" = "iPhone Developer";
				COPY_PHASE_STRIP = NO;
				DEBUG_INFORMATION_FORMAT = dwarf;
				ENABLE_STRICT_OBJC_MSGSEND = YES;
				ENABLE_TESTABILITY = YES;
				GCC_C_LANGUAGE_STANDARD = gnu99;
				GCC_DYNAMIC_NO_PIC = NO;
				GCC_NO_COMMON_BLOCKS = YES;
				GCC_OPTIMIZATION_LEVEL = 0;
				GCC_PREPROCESSOR_DEFINITIONS = (
					"DEBUG=1",
					"$(inherited)",
				);
				GCC_WARN_64_TO_32_BIT_CONVERSION = YES;
				GCC_WARN_ABOUT_RETURN_TYPE = YES_ERROR;
				GCC_WARN_UNDECLARED_SELECTOR = YES;
				GCC_WARN_UNINITIALIZED_AUTOS = YES_AGGRESSIVE;
				GCC_WARN_UNUSED_FUNCTION = YES;
				GCC_WARN_UNUSED_VARIABLE = YES;
				IPHONEOS_DEPLOYMENT_TARGET = 10.3;
				MTL_ENABLE_DEBUG_INFO = YES;
				ONLY_ACTIVE_ARCH = YES;
				SDKROOT = iphoneos;
				SWIFT_ACTIVE_COMPILATION_CONDITIONS = DEBUG;
				SWIFT_OPTIMIZATION_LEVEL = "-Onone";
				TARGETED_DEVICE_FAMILY = "1,2";
			};
			name = Debug;
		};
		2CF00E971FBF2D5A00BC91A2 /* Release */ = {
			isa = XCBuildConfiguration;
			buildSettings = {
				ALWAYS_SEARCH_USER_PATHS = NO;
				CLANG_ANALYZER_NONNULL = YES;
				CLANG_ANALYZER_NUMBER_OBJECT_CONVERSION = YES_AGGRESSIVE;
				CLANG_CXX_LANGUAGE_STANDARD = "gnu++0x";
				CLANG_CXX_LIBRARY = "libc++";
				CLANG_ENABLE_MODULES = YES;
				CLANG_ENABLE_OBJC_ARC = YES;
				CLANG_WARN_BOOL_CONVERSION = YES;
				CLANG_WARN_CONSTANT_CONVERSION = YES;
				CLANG_WARN_DIRECT_OBJC_ISA_USAGE = YES_ERROR;
				CLANG_WARN_DOCUMENTATION_COMMENTS = YES;
				CLANG_WARN_EMPTY_BODY = YES;
				CLANG_WARN_ENUM_CONVERSION = YES;
				CLANG_WARN_INFINITE_RECURSION = YES;
				CLANG_WARN_INT_CONVERSION = YES;
				CLANG_WARN_OBJC_ROOT_CLASS = YES_ERROR;
				CLANG_WARN_SUSPICIOUS_MOVE = YES;
				CLANG_WARN_UNREACHABLE_CODE = YES;
				CLANG_WARN__DUPLICATE_METHOD_MATCH = YES;
				"CODE_SIGN_IDENTITY[sdk=iphoneos*]" = "iPhone Developer";
				COPY_PHASE_STRIP = NO;
				DEBUG_INFORMATION_FORMAT = "dwarf-with-dsym";
				ENABLE_NS_ASSERTIONS = NO;
				ENABLE_STRICT_OBJC_MSGSEND = YES;
				GCC_C_LANGUAGE_STANDARD = gnu99;
				GCC_NO_COMMON_BLOCKS = YES;
				GCC_WARN_64_TO_32_BIT_CONVERSION = YES;
				GCC_WARN_ABOUT_RETURN_TYPE = YES_ERROR;
				GCC_WARN_UNDECLARED_SELECTOR = YES;
				GCC_WARN_UNINITIALIZED_AUTOS = YES_AGGRESSIVE;
				GCC_WARN_UNUSED_FUNCTION = YES;
				GCC_WARN_UNUSED_VARIABLE = YES;
				IPHONEOS_DEPLOYMENT_TARGET = 10.3;
				MTL_ENABLE_DEBUG_INFO = NO;
				SDKROOT = iphoneos;
				SWIFT_OPTIMIZATION_LEVEL = "-Owholemodule";
				TARGETED_DEVICE_FAMILY = "1,2";
				VALIDATE_PRODUCT = YES;
			};
			name = Release;
		};
		2CF00E991FBF2D5A00BC91A2 /* Debug */ = {
			isa = XCBuildConfiguration;
			buildSettings = {
				ASSETCATALOG_COMPILER_APPICON_NAME = AppIcon;
				DEVELOPMENT_TEAM = HFRBUUM266;
				INFOPLIST_FILE = newErela/Info.plist;
				LD_RUNPATH_SEARCH_PATHS = "$(inherited) @executable_path/Frameworks";
				PRODUCT_BUNDLE_IDENTIFIER = se.oscarljungdahl.newErela;
				PRODUCT_NAME = "$(TARGET_NAME)";
				SWIFT_VERSION = 3.0;
			};
			name = Debug;
		};
		2CF00E9A1FBF2D5A00BC91A2 /* Release */ = {
			isa = XCBuildConfiguration;
			buildSettings = {
				ASSETCATALOG_COMPILER_APPICON_NAME = AppIcon;
				DEVELOPMENT_TEAM = HFRBUUM266;
				INFOPLIST_FILE = newErela/Info.plist;
				LD_RUNPATH_SEARCH_PATHS = "$(inherited) @executable_path/Frameworks";
				PRODUCT_BUNDLE_IDENTIFIER = se.oscarljungdahl.newErela;
				PRODUCT_NAME = "$(TARGET_NAME)";
				SWIFT_VERSION = 3.0;
			};
			name = Release;
		};
/* End XCBuildConfiguration section */

/* Begin XCConfigurationList section */
		2CF00E811FBF2D5A00BC91A2 /* Build configuration list for PBXProject "newErela" */ = {
			isa = XCConfigurationList;
			buildConfigurations = (
				2CF00E961FBF2D5A00BC91A2 /* Debug */,
				2CF00E971FBF2D5A00BC91A2 /* Release */,
			);
			defaultConfigurationIsVisible = 0;
			defaultConfigurationName = Release;
		};
		2CF00E981FBF2D5A00BC91A2 /* Build configuration list for PBXNativeTarget "newErela" */ = {
			isa = XCConfigurationList;
			buildConfigurations = (
				2CF00E991FBF2D5A00BC91A2 /* Debug */,
				2CF00E9A1FBF2D5A00BC91A2 /* Release */,
			);
			defaultConfigurationIsVisible = 0;
		};
/* End XCConfigurationList section */
	};
	rootObject = 2CF00E7E1FBF2D5A00BC91A2 /* Project object */;
}
